
Microsoft Visual Studio Solution File, Format Version 12.00
# Visual Studio 15
VisualStudioVersion = 15.0.28307.902
MinimumVisualStudioVersion = 10.0.40219.1
Project("{2150E333-8FDC-42A3-9474-1A3956D46DE8}") = "MicroServices", "MicroServices", "{FC73345A-0D04-4778-9F17-EA9C45F8AAFA}"
EndProject
Project("{2150E333-8FDC-42A3-9474-1A3956D46DE8}") = "Domain", "Domain", "{26433D1C-4999-4BD0-B1D6-A81332AA718E}"
EndProject
Project("{2150E333-8FDC-42A3-9474-1A3956D46DE8}") = "Infra.Bus", "Infra.Bus", "{A7B957FC-A740-45DC-ACF9-B82DE34666DB}"
EndProject
Project("{2150E333-8FDC-42A3-9474-1A3956D46DE8}") = "Infra.IoC", "Infra.IoC", "{B4708686-C93E-4FC5-87C2-9D5F8F7905C3}"
EndProject
Project("{2150E333-8FDC-42A3-9474-1A3956D46DE8}") = "Presentation", "Presentation", "{7B9F608D-93BC-4F8B-9250-101126FE292D}"
EndProject
Project("{9A19103F-16F7-4668-BE54-9A1E7A4F7556}") = "MicroRabbit.Domain.Core", "MicroRabbit.Domain.Core\MicroRabbit.Domain.Core.csproj", "{511720FA-B6D4-436D-85C0-C11E26A8FBCD}"
EndProject
Project("{9A19103F-16F7-4668-BE54-9A1E7A4F7556}") = "MicroRabbit.Infra.Bus", "MicroRabbit.Infra.Bus\MicroRabbit.Infra.Bus.csproj", "{9224F041-A2FC-47F8-A540-D7CD392474F8}"
EndProject
Project("{9A19103F-16F7-4668-BE54-9A1E7A4F7556}") = "MicroRabbit.Infra.IoC", "MicroRabbit.Infra.IoC\MicroRabbit.Infra.IoC.csproj", "{60434565-7723-4BDC-8794-E6080676FB6E}"
EndProject
Project("{2150E333-8FDC-42A3-9474-1A3956D46DE8}") = "Banking", "Banking", "{E7D9DCAE-9DCA-4966-9184-44087599683A}"
EndProject
Project("{2150E333-8FDC-42A3-9474-1A3956D46DE8}") = "Api", "Api", "{3BD60D08-44A7-49D8-B2E8-FBB5D4D9AAB5}"
EndProject
Project("{2150E333-8FDC-42A3-9474-1A3956D46DE8}") = "Domain", "Domain", "{992417A3-4F24-4E4F-80B0-124F64AA1107}"
EndProject
Project("{2150E333-8FDC-42A3-9474-1A3956D46DE8}") = "Application", "Application", "{0974E987-9335-44CB-9DF5-469475101DD9}"
EndProject
Project("{2150E333-8FDC-42A3-9474-1A3956D46DE8}") = "Data", "Data", "{2D1A67AC-FD17-40B2-BAD1-4940BE3F554A}"
EndProject
Project("{FAE04EC0-301F-11D3-BF4B-00C04F79EFBC}") = "MicroRabbit.Banking.Api", "MicroRabbit.Banking.Api\MicroRabbit.Banking.Api.csproj", "{A7947A6F-D295-4D58-AFFF-60FDE0E1CF35}"
EndProject
Project("{FAE04EC0-301F-11D3-BF4B-00C04F79EFBC}") = "MicroRabbit.Banking.Application", "MicroRabbit.Banking.Application\MicroRabbit.Banking.Application.csproj", "{8713D4AF-2ABD-4756-8FC4-C5A453DCF4C8}"
EndProject
Project("{FAE04EC0-301F-11D3-BF4B-00C04F79EFBC}") = "MicroRabbit.Banking.Data", "MicroRabbit.Banking.Data\MicroRabbit.Banking.Data.csproj", "{AFCD268F-CA5B-4DB9-9143-EFA5A70C34B8}"
EndProject
Project("{FAE04EC0-301F-11D3-BF4B-00C04F79EFBC}") = "MicroRabbit.Banking.Domain", "MicroRabbit.Banking.Domain\MicroRabbit.Banking.Domain.csproj", "{5375143A-2548-4E8A-9750-5A95217C5A02}"
EndProject
Global
	GlobalSection(SolutionConfigurationPlatforms) = preSolution
		Debug|Any CPU = Debug|Any CPU
		Release|Any CPU = Release|Any CPU
	EndGlobalSection
	GlobalSection(ProjectConfigurationPlatforms) = postSolution
		{511720FA-B6D4-436D-85C0-C11E26A8FBCD}.Debug|Any CPU.ActiveCfg = Debug|Any CPU
		{511720FA-B6D4-436D-85C0-C11E26A8FBCD}.Debug|Any CPU.Build.0 = Debug|Any CPU
		{511720FA-B6D4-436D-85C0-C11E26A8FBCD}.Release|Any CPU.ActiveCfg = Release|Any CPU
		{511720FA-B6D4-436D-85C0-C11E26A8FBCD}.Release|Any CPU.Build.0 = Release|Any CPU
		{9224F041-A2FC-47F8-A540-D7CD392474F8}.Debug|Any CPU.ActiveCfg = Debug|Any CPU
		{9224F041-A2FC-47F8-A540-D7CD392474F8}.Debug|Any CPU.Build.0 = Debug|Any CPU
		{9224F041-A2FC-47F8-A540-D7CD392474F8}.Release|Any CPU.ActiveCfg = Release|Any CPU
		{9224F041-A2FC-47F8-A540-D7CD392474F8}.Release|Any CPU.Build.0 = Release|Any CPU
		{60434565-7723-4BDC-8794-E6080676FB6E}.Debug|Any CPU.ActiveCfg = Debug|Any CPU
		{60434565-7723-4BDC-8794-E6080676FB6E}.Debug|Any CPU.Build.0 = Debug|Any CPU
		{60434565-7723-4BDC-8794-E6080676FB6E}.Release|Any CPU.ActiveCfg = Release|Any CPU
		{60434565-7723-4BDC-8794-E6080676FB6E}.Release|Any CPU.Build.0 = Release|Any CPU
		{A7947A6F-D295-4D58-AFFF-60FDE0E1CF35}.Debug|Any CPU.ActiveCfg = Debug|Any CPU
		{A7947A6F-D295-4D58-AFFF-60FDE0E1CF35}.Debug|Any CPU.Build.0 = Debug|Any CPU
		{A7947A6F-D295-4D58-AFFF-60FDE0E1CF35}.Release|Any CPU.ActiveCfg = Release|Any CPU
		{A7947A6F-D295-4D58-AFFF-60FDE0E1CF35}.Release|Any CPU.Build.0 = Release|Any CPU
		{8713D4AF-2ABD-4756-8FC4-C5A453DCF4C8}.Debug|Any CPU.ActiveCfg = Debug|Any CPU
		{8713D4AF-2ABD-4756-8FC4-C5A453DCF4C8}.Debug|Any CPU.Build.0 = Debug|Any CPU
		{8713D4AF-2ABD-4756-8FC4-C5A453DCF4C8}.Release|Any CPU.ActiveCfg = Release|Any CPU
		{8713D4AF-2ABD-4756-8FC4-C5A453DCF4C8}.Release|Any CPU.Build.0 = Release|Any CPU
		{AFCD268F-CA5B-4DB9-9143-EFA5A70C34B8}.Debug|Any CPU.ActiveCfg = Debug|Any CPU
		{AFCD268F-CA5B-4DB9-9143-EFA5A70C34B8}.Debug|Any CPU.Build.0 = Debug|Any CPU
		{AFCD268F-CA5B-4DB9-9143-EFA5A70C34B8}.Release|Any CPU.ActiveCfg = Release|Any CPU
		{AFCD268F-CA5B-4DB9-9143-EFA5A70C34B8}.Release|Any CPU.Build.0 = Release|Any CPU
		{5375143A-2548-4E8A-9750-5A95217C5A02}.Debug|Any CPU.ActiveCfg = Debug|Any CPU
		{5375143A-2548-4E8A-9750-5A95217C5A02}.Debug|Any CPU.Build.0 = Debug|Any CPU
		{5375143A-2548-4E8A-9750-5A95217C5A02}.Release|Any CPU.ActiveCfg = Release|Any CPU
		{5375143A-2548-4E8A-9750-5A95217C5A02}.Release|Any CPU.Build.0 = Release|Any CPU
	EndGlobalSection
	GlobalSection(SolutionProperties) = preSolution
		HideSolutionNode = FALSE
	EndGlobalSection
	GlobalSection(NestedProjects) = preSolution
		{511720FA-B6D4-436D-85C0-C11E26A8FBCD} = {26433D1C-4999-4BD0-B1D6-A81332AA718E}
		{9224F041-A2FC-47F8-A540-D7CD392474F8} = {A7B957FC-A740-45DC-ACF9-B82DE34666DB}
		{60434565-7723-4BDC-8794-E6080676FB6E} = {B4708686-C93E-4FC5-87C2-9D5F8F7905C3}
		{E7D9DCAE-9DCA-4966-9184-44087599683A} = {FC73345A-0D04-4778-9F17-EA9C45F8AAFA}
		{3BD60D08-44A7-49D8-B2E8-FBB5D4D9AAB5} = {E7D9DCAE-9DCA-4966-9184-44087599683A}
		{992417A3-4F24-4E4F-80B0-124F64AA1107} = {E7D9DCAE-9DCA-4966-9184-44087599683A}
		{0974E987-9335-44CB-9DF5-469475101DD9} = {E7D9DCAE-9DCA-4966-9184-44087599683A}
		{2D1A67AC-FD17-40B2-BAD1-4940BE3F554A} = {E7D9DCAE-9DCA-4966-9184-44087599683A}
		{A7947A6F-D295-4D58-AFFF-60FDE0E1CF35} = {3BD60D08-44A7-49D8-B2E8-FBB5D4D9AAB5}
		{8713D4AF-2ABD-4756-8FC4-C5A453DCF4C8} = {0974E987-9335-44CB-9DF5-469475101DD9}
		{AFCD268F-CA5B-4DB9-9143-EFA5A70C34B8} = {2D1A67AC-FD17-40B2-BAD1-4940BE3F554A}
		{5375143A-2548-4E8A-9750-5A95217C5A02} = {992417A3-4F24-4E4F-80B0-124F64AA1107}
	EndGlobalSection
	GlobalSection(ExtensibilityGlobals) = postSolution
		SolutionGuid = {AE43A2D4-D0AC-476A-970A-FA25FBE25415}
	EndGlobalSection
EndGlobal
