
Microsoft Visual Studio Solution File, Format Version 12.00
# Visual Studio 15
VisualStudioVersion = 15.0.28307.902
MinimumVisualStudioVersion = 10.0.40219.1
Project("{2150E333-8FDC-42A3-9474-1A3956D46DE8}") = "MicroServices", "MicroServices", "{FC73345A-0D04-4778-9F17-EA9C45F8AAFA}"
EndProject
Project("{2150E333-8FDC-42A3-9474-1A3956D46DE8}") = "Domain", "Domain", "{26433D1C-4999-4BD0-B1D6-A81332AA718E}"
EndProject
Project("{2150E333-8FDC-42A3-9474-1A3956D46DE8}") = "Infra.Bus", "Infra.Bus", "{A7B957FC-A740-45DC-ACF9-B82DE34666DB}"
EndProject
Project("{2150E333-8FDC-42A3-9474-1A3956D46DE8}") = "Infra.IoC", "Infra.IoC", "{B4708686-C93E-4FC5-87C2-9D5F8F7905C3}"
EndProject
Project("{2150E333-8FDC-42A3-9474-1A3956D46DE8}") = "Presentation", "Presentation", "{7B9F608D-93BC-4F8B-9250-101126FE292D}"
EndProject
Project("{9A19103F-16F7-4668-BE54-9A1E7A4F7556}") = "MicroRabbit.Domain.Core", "MicroRabbit.Domain.Core\MicroRabbit.Domain.Core.csproj", "{511720FA-B6D4-436D-85C0-C11E26A8FBCD}"
EndProject
Project("{9A19103F-16F7-4668-BE54-9A1E7A4F7556}") = "MicroRabbit.Infra.Bus", "MicroRabbit.Infra.Bus\MicroRabbit.Infra.Bus.csproj", "{9224F041-A2FC-47F8-A540-D7CD392474F8}"
EndProject
Project("{FAE04EC0-301F-11D3-BF4B-00C04F79EFBC}") = "MicroRabbit.Infra.IoC", "MicroRabbit.Infra.IoC\MicroRabbit.Infra.IoC.csproj", "{60434565-7723-4BDC-8794-E6080676FB6E}"
EndProject
Global
	GlobalSection(SolutionConfigurationPlatforms) = preSolution
		Debug|Any CPU = Debug|Any CPU
		Release|Any CPU = Release|Any CPU
	EndGlobalSection
	GlobalSection(ProjectConfigurationPlatforms) = postSolution
		{511720FA-B6D4-436D-85C0-C11E26A8FBCD}.Debug|Any CPU.ActiveCfg = Debug|Any CPU
		{511720FA-B6D4-436D-85C0-C11E26A8FBCD}.Debug|Any CPU.Build.0 = Debug|Any CPU
		{511720FA-B6D4-436D-85C0-C11E26A8FBCD}.Release|Any CPU.ActiveCfg = Release|Any CPU
		{511720FA-B6D4-436D-85C0-C11E26A8FBCD}.Release|Any CPU.Build.0 = Release|Any CPU
		{9224F041-A2FC-47F8-A540-D7CD392474F8}.Debug|Any CPU.ActiveCfg = Debug|Any CPU
		{9224F041-A2FC-47F8-A540-D7CD392474F8}.Debug|Any CPU.Build.0 = Debug|Any CPU
		{9224F041-A2FC-47F8-A540-D7CD392474F8}.Release|Any CPU.ActiveCfg = Release|Any CPU
		{9224F041-A2FC-47F8-A540-D7CD392474F8}.Release|Any CPU.Build.0 = Release|Any CPU
		{60434565-7723-4BDC-8794-E6080676FB6E}.Debug|Any CPU.ActiveCfg = Debug|Any CPU
		{60434565-7723-4BDC-8794-E6080676FB6E}.Debug|Any CPU.Build.0 = Debug|Any CPU
		{60434565-7723-4BDC-8794-E6080676FB6E}.Release|Any CPU.ActiveCfg = Release|Any CPU
		{60434565-7723-4BDC-8794-E6080676FB6E}.Release|Any CPU.Build.0 = Release|Any CPU
	EndGlobalSection
	GlobalSection(SolutionProperties) = preSolution
		HideSolutionNode = FALSE
	EndGlobalSection
	GlobalSection(NestedProjects) = preSolution
		{511720FA-B6D4-436D-85C0-C11E26A8FBCD} = {26433D1C-4999-4BD0-B1D6-A81332AA718E}
		{9224F041-A2FC-47F8-A540-D7CD392474F8} = {A7B957FC-A740-45DC-ACF9-B82DE34666DB}
		{60434565-7723-4BDC-8794-E6080676FB6E} = {B4708686-C93E-4FC5-87C2-9D5F8F7905C3}
	EndGlobalSection
	GlobalSection(ExtensibilityGlobals) = postSolution
		SolutionGuid = {AE43A2D4-D0AC-476A-970A-FA25FBE25415}
	EndGlobalSection
EndGlobal
